
Microsoft Visual Studio Solution File, Format Version 12.00
# Visual Studio 2012
Project("{FAE04EC0-301F-11D3-BF4B-00C04F79EFBC}") = "StUtils.Renamer", "StUtils.Renamer\StUtils.Renamer.csproj", "{2840D9FE-DC8B-4B63-AC52-2470DDADCB1C}"
EndProject
Project("{FAE04EC0-301F-11D3-BF4B-00C04F79EFBC}") = "StUtilEx.RegexParser", "..\..\APIs\StUtil\StUtilEx.RegexParser\StUtilEx.RegexParser.csproj", "{C0FAE9FE-6051-4D54-9A74-362E31FF928F}"
EndProject
Project("{FAE04EC0-301F-11D3-BF4B-00C04F79EFBC}") = "StUtil.UI", "..\..\APIs\StUtil\StUtil.UI\StUtil.UI.csproj", "{D82C9D9C-EB79-4C4B-AFBF-60811F1540E0}"
EndProject
Project("{FAE04EC0-301F-11D3-BF4B-00C04F79EFBC}") = "StUtil.Native", "..\..\APIs\StUtil\StUtil.Native\StUtil.Native.csproj", "{FF84F30F-A046-4325-8E3B-8362193250A8}"
EndProject
Project("{FAE04EC0-301F-11D3-BF4B-00C04F79EFBC}") = "StUtil.Core", "..\..\APIs\StUtil\StUtil.Core\StUtil.Core.csproj", "{23BE9E56-B59D-48C2-9ACA-336B591C8FE4}"
EndProject
Global
	GlobalSection(SolutionConfigurationPlatforms) = preSolution
		Debug|Any CPU = Debug|Any CPU
		Release|Any CPU = Release|Any CPU
	EndGlobalSection
	GlobalSection(ProjectConfigurationPlatforms) = postSolution
		{2840D9FE-DC8B-4B63-AC52-2470DDADCB1C}.Debug|Any CPU.ActiveCfg = Debug|Any CPU
		{2840D9FE-DC8B-4B63-AC52-2470DDADCB1C}.Debug|Any CPU.Build.0 = Debug|Any CPU
		{2840D9FE-DC8B-4B63-AC52-2470DDADCB1C}.Release|Any CPU.ActiveCfg = Release|Any CPU
		{2840D9FE-DC8B-4B63-AC52-2470DDADCB1C}.Release|Any CPU.Build.0 = Release|Any CPU
		{C0FAE9FE-6051-4D54-9A74-362E31FF928F}.Debug|Any CPU.ActiveCfg = Debug|Any CPU
		{C0FAE9FE-6051-4D54-9A74-362E31FF928F}.Debug|Any CPU.Build.0 = Debug|Any CPU
		{C0FAE9FE-6051-4D54-9A74-362E31FF928F}.Release|Any CPU.ActiveCfg = Release|Any CPU
		{C0FAE9FE-6051-4D54-9A74-362E31FF928F}.Release|Any CPU.Build.0 = Release|Any CPU
		{D82C9D9C-EB79-4C4B-AFBF-60811F1540E0}.Debug|Any CPU.ActiveCfg = Debug|Any CPU
		{D82C9D9C-EB79-4C4B-AFBF-60811F1540E0}.Debug|Any CPU.Build.0 = Debug|Any CPU
		{D82C9D9C-EB79-4C4B-AFBF-60811F1540E0}.Release|Any CPU.ActiveCfg = Release|Any CPU
		{D82C9D9C-EB79-4C4B-AFBF-60811F1540E0}.Release|Any CPU.Build.0 = Release|Any CPU
		{FF84F30F-A046-4325-8E3B-8362193250A8}.Debug|Any CPU.ActiveCfg = Debug|Any CPU
		{FF84F30F-A046-4325-8E3B-8362193250A8}.Debug|Any CPU.Build.0 = Debug|Any CPU
		{FF84F30F-A046-4325-8E3B-8362193250A8}.Release|Any CPU.ActiveCfg = Release|Any CPU
		{FF84F30F-A046-4325-8E3B-8362193250A8}.Release|Any CPU.Build.0 = Release|Any CPU
		{23BE9E56-B59D-48C2-9ACA-336B591C8FE4}.Debug|Any CPU.ActiveCfg = Debug|Any CPU
		{23BE9E56-B59D-48C2-9ACA-336B591C8FE4}.Debug|Any CPU.Build.0 = Debug|Any CPU
		{23BE9E56-B59D-48C2-9ACA-336B591C8FE4}.Release|Any CPU.ActiveCfg = Release|Any CPU
		{23BE9E56-B59D-48C2-9ACA-336B591C8FE4}.Release|Any CPU.Build.0 = Release|Any CPU
	EndGlobalSection
	GlobalSection(SolutionProperties) = preSolution
		HideSolutionNode = FALSE
	EndGlobalSection
EndGlobal
